
Microsoft Visual Studio Solution File, Format Version 12.00
# Visual Studio 2013
VisualStudioVersion = 12.0.21005.1
MinimumVisualStudioVersion = 10.0.40219.1
Project("{FAE04EC0-301F-11D3-BF4B-00C04F79EFBC}") = "LibPico", "LibPico\LibPico.csproj", "{0C10AD51-AC18-406D-B75C-942EB8A0B8C8}"
EndProject
Project("{FAE04EC0-301F-11D3-BF4B-00C04F79EFBC}") = "LibPicoTests", "LibPicoTests\LibPicoTests.csproj", "{B1BE4DBA-6842-4EAE-8EFE-8DA71E2E9A88}"
EndProject
Global
	GlobalSection(SolutionConfigurationPlatforms) = preSolution
		Debug|Any CPU = Debug|Any CPU
		Release|Any CPU = Release|Any CPU
	EndGlobalSection
	GlobalSection(ProjectConfigurationPlatforms) = postSolution
		{0C10AD51-AC18-406D-B75C-942EB8A0B8C8}.Debug|Any CPU.ActiveCfg = Debug|Any CPU
		{0C10AD51-AC18-406D-B75C-942EB8A0B8C8}.Debug|Any CPU.Build.0 = Debug|Any CPU
		{0C10AD51-AC18-406D-B75C-942EB8A0B8C8}.Release|Any CPU.ActiveCfg = Release|Any CPU
		{0C10AD51-AC18-406D-B75C-942EB8A0B8C8}.Release|Any CPU.Build.0 = Release|Any CPU
		{B1BE4DBA-6842-4EAE-8EFE-8DA71E2E9A88}.Debug|Any CPU.ActiveCfg = Debug|Any CPU
		{B1BE4DBA-6842-4EAE-8EFE-8DA71E2E9A88}.Debug|Any CPU.Build.0 = Debug|Any CPU
		{B1BE4DBA-6842-4EAE-8EFE-8DA71E2E9A88}.Release|Any CPU.ActiveCfg = Release|Any CPU
		{B1BE4DBA-6842-4EAE-8EFE-8DA71E2E9A88}.Release|Any CPU.Build.0 = Release|Any CPU
	EndGlobalSection
	GlobalSection(SolutionProperties) = preSolution
		HideSolutionNode = FALSE
	EndGlobalSection
EndGlobal
